{
    "name": "haxe-website",
    "version": "0.1.0",
    "lockfileVersion": 1,
    "requires": true,
    "dependencies": {
        "coffeescript": {
            "version": "1.12.7",
            "resolved": "https://registry.npmjs.org/coffeescript/-/coffeescript-1.12.7.tgz",
            "integrity": "sha512-pLXHFxQMPklVoEekowk8b3erNynC+DVJzChxS/LCBBgR6/8AJkHivkm//zbowcfc7BTCAjryuhx6gPqPRfsFoA==",
            "dev": true
        },
        "cson-parser": {
            "version": "3.0.0",
            "resolved": "https://registry.npmjs.org/cson-parser/-/cson-parser-3.0.0.tgz",
            "integrity": "sha512-khmLtNmwe6SSlWz5vrhay9yWd/Fwwyiel+vt+1vIcCT9AsdqNuLXuK9tYhhAw1FdSSHjLc56PW8xa565/x73XQ==",
            "dev": true,
            "requires": {
                "coffeescript": "^1.10.0"
            }
        },
        "fast-plist": {
            "version": "0.1.3",
            "resolved": "https://registry.npmjs.org/fast-plist/-/fast-plist-0.1.3.tgz",
            "integrity": "sha512-d9cEfo/WcOezgPLAC/8t8wGb6YOD6JTCPMw2QcG2nAdFmyY+9rTUizCTaGjIZAloWENTEUMAPpkUAIJJJ0i96A==",
            "dev": true
        },
        "nan": {
            "version": "2.17.0",
            "resolved": "https://registry.npmjs.org/nan/-/nan-2.17.0.tgz",
            "integrity": "sha512-2ZTgtl0nJsO0KQCjEpxcIr5D+Yv90plTitZt9JBfQvVJDS5seMl3FOvsh3+9CoYWXf/1l5OaZzzF6nDm4cagaQ==",
            "dev": true
        },
        "oniguruma": {
            "version": "6.2.1",
            "resolved": "https://registry.npmjs.org/oniguruma/-/oniguruma-6.2.1.tgz",
            "integrity": "sha512-+qRtxMG41+datUUS3pqCPFuVinzLQzMzdbM+Ft5HpGTqKpupmWWWqDWdQjo+jJ1jzJKlFis/nUS0SFMEBztB8Q==",
            "dev": true,
            "requires": {
                "nan": "^2.0.9"
            }
        },
        "vscode-textmate": {
            "version": "3.1.5",
            "resolved": "https://registry.npmjs.org/vscode-textmate/-/vscode-textmate-3.1.5.tgz",
            "integrity": "sha512-GPDsyzgYTgdCi/K8VBPRKPdAwa4z0pWwiZhK/lH9ScWTptd5+Pd16kuywP+EJtLJRowXeNEQ2gR5SCw0ubTobA==",
            "dev": true,
            "requires": {
                "fast-plist": "^0.1.2",
                "oniguruma": "^6.0.1"
            }
        }
    }
}
